
Microsoft Visual Studio Solution File, Format Version 12.00
# Visual Studio Version 16
VisualStudioVersion = 16.0.32510.428
MinimumVisualStudioVersion = 10.0.40219.1
Project("{FAE04EC0-301F-11D3-BF4B-00C04F79EFBC}") = "NotebookSecond", "NotebookSecond\NotebookSecond.csproj", "{2D4C8A29-AB6B-40AA-9D62-94FBC0B9C4F0}"
EndProject
Global
	GlobalSection(SolutionConfigurationPlatforms) = preSolution
		Debug|Any CPU = Debug|Any CPU
		Release|Any CPU = Release|Any CPU
	EndGlobalSection
	GlobalSection(ProjectConfigurationPlatforms) = postSolution
		{2D4C8A29-AB6B-40AA-9D62-94FBC0B9C4F0}.Debug|Any CPU.ActiveCfg = Debug|Any CPU
		{2D4C8A29-AB6B-40AA-9D62-94FBC0B9C4F0}.Debug|Any CPU.Build.0 = Debug|Any CPU
		{2D4C8A29-AB6B-40AA-9D62-94FBC0B9C4F0}.Release|Any CPU.ActiveCfg = Release|Any CPU
		{2D4C8A29-AB6B-40AA-9D62-94FBC0B9C4F0}.Release|Any CPU.Build.0 = Release|Any CPU
	EndGlobalSection
	GlobalSection(SolutionProperties) = preSolution
		HideSolutionNode = FALSE
	EndGlobalSection
	GlobalSection(ExtensibilityGlobals) = postSolution
		SolutionGuid = {3E23995B-5956-4E83-893B-37C6334B878E}
	EndGlobalSection
EndGlobal
